
Microsoft Visual Studio Solution File, Format Version 12.00
# Visual Studio Version 16
VisualStudioVersion = 16.0.30330.147
MinimumVisualStudioVersion = 10.0.40219.1
Project("{FAE04EC0-301F-11D3-BF4B-00C04F79EFBC}") = "SearchEngineIndexChecker", "SearchEngineIndexChecker.csproj", "{DAE98D0D-547C-4CE8-96D4-BCA0738E6B17}"
EndProject
Global
	GlobalSection(SolutionConfigurationPlatforms) = preSolution
		Debug|Any CPU = Debug|Any CPU
		Release|Any CPU = Release|Any CPU
	EndGlobalSection
	GlobalSection(ProjectConfigurationPlatforms) = postSolution
		{DAE98D0D-547C-4CE8-96D4-BCA0738E6B17}.Debug|Any CPU.ActiveCfg = Debug|Any CPU
		{DAE98D0D-547C-4CE8-96D4-BCA0738E6B17}.Debug|Any CPU.Build.0 = Debug|Any CPU
		{DAE98D0D-547C-4CE8-96D4-BCA0738E6B17}.Release|Any CPU.ActiveCfg = Release|Any CPU
		{DAE98D0D-547C-4CE8-96D4-BCA0738E6B17}.Release|Any CPU.Build.0 = Release|Any CPU
	EndGlobalSection
	GlobalSection(SolutionProperties) = preSolution
		HideSolutionNode = FALSE
	EndGlobalSection
	GlobalSection(ExtensibilityGlobals) = postSolution
		SolutionGuid = {B10090E7-A4FA-456A-9C5A-A53F0B59A212}
	EndGlobalSection
EndGlobal
